
Microsoft Visual Studio Solution File, Format Version 12.00
# Visual Studio Version 17
VisualStudioVersion = 17.2.32602.215
MinimumVisualStudioVersion = 10.0.40219.1
Project("{FAE04EC0-301F-11D3-BF4B-00C04F79EFBC}") = "calculatorv2", "calculatorv2\calculatorv2.csproj", "{B626648A-76EB-4D68-B9E5-2FC857EE8994}"
EndProject
Global
	GlobalSection(SolutionConfigurationPlatforms) = preSolution
		Debug|Any CPU = Debug|Any CPU
		Release|Any CPU = Release|Any CPU
	EndGlobalSection
	GlobalSection(ProjectConfigurationPlatforms) = postSolution
		{B626648A-76EB-4D68-B9E5-2FC857EE8994}.Debug|Any CPU.ActiveCfg = Debug|Any CPU
		{B626648A-76EB-4D68-B9E5-2FC857EE8994}.Debug|Any CPU.Build.0 = Debug|Any CPU
		{B626648A-76EB-4D68-B9E5-2FC857EE8994}.Release|Any CPU.ActiveCfg = Release|Any CPU
		{B626648A-76EB-4D68-B9E5-2FC857EE8994}.Release|Any CPU.Build.0 = Release|Any CPU
	EndGlobalSection
	GlobalSection(SolutionProperties) = preSolution
		HideSolutionNode = FALSE
	EndGlobalSection
	GlobalSection(ExtensibilityGlobals) = postSolution
		SolutionGuid = {77E11A2A-DC3F-4776-BB99-8370C5F3AAA5}
	EndGlobalSection
EndGlobal
